
Microsoft Visual Studio Solution File, Format Version 12.00
# Visual Studio Version 16
VisualStudioVersion = 16.0.31025.194
MinimumVisualStudioVersion = 10.0.40219.1
Project("{2150E333-8FDC-42A3-9474-1A3956D46DE8}") = "Services", "Services", "{A25ED5B7-82A2-4AAC-A327-552C02028DD3}"
EndProject
Project("{2150E333-8FDC-42A3-9474-1A3956D46DE8}") = "Catalog", "Catalog", "{9461E739-DE70-4465-9127-1CB29C0F73A6}"
EndProject
Project("{9A19103F-16F7-4668-BE54-9A1E7A4F7556}") = "Catalog.API", "Services\Catalog\Catalog.API\Catalog.API.csproj", "{65AFDF8A-806B-4F44-8835-AF7A17829ADE}"
EndProject
Project("{E53339B2-1760-4266-BCC7-CA923CBCF16C}") = "docker-compose", "docker-compose.dcproj", "{270052B2-A625-41E5-A971-10AFA5DC76E3}"
EndProject
Global
	GlobalSection(SolutionConfigurationPlatforms) = preSolution
		Debug|Any CPU = Debug|Any CPU
		Release|Any CPU = Release|Any CPU
	EndGlobalSection
	GlobalSection(ProjectConfigurationPlatforms) = postSolution
		{65AFDF8A-806B-4F44-8835-AF7A17829ADE}.Debug|Any CPU.ActiveCfg = Debug|Any CPU
		{65AFDF8A-806B-4F44-8835-AF7A17829ADE}.Debug|Any CPU.Build.0 = Debug|Any CPU
		{65AFDF8A-806B-4F44-8835-AF7A17829ADE}.Release|Any CPU.ActiveCfg = Release|Any CPU
		{65AFDF8A-806B-4F44-8835-AF7A17829ADE}.Release|Any CPU.Build.0 = Release|Any CPU
		{270052B2-A625-41E5-A971-10AFA5DC76E3}.Debug|Any CPU.ActiveCfg = Debug|Any CPU
		{270052B2-A625-41E5-A971-10AFA5DC76E3}.Debug|Any CPU.Build.0 = Debug|Any CPU
		{270052B2-A625-41E5-A971-10AFA5DC76E3}.Release|Any CPU.ActiveCfg = Release|Any CPU
		{270052B2-A625-41E5-A971-10AFA5DC76E3}.Release|Any CPU.Build.0 = Release|Any CPU
	EndGlobalSection
	GlobalSection(SolutionProperties) = preSolution
		HideSolutionNode = FALSE
	EndGlobalSection
	GlobalSection(NestedProjects) = preSolution
		{9461E739-DE70-4465-9127-1CB29C0F73A6} = {A25ED5B7-82A2-4AAC-A327-552C02028DD3}
		{65AFDF8A-806B-4F44-8835-AF7A17829ADE} = {9461E739-DE70-4465-9127-1CB29C0F73A6}
	EndGlobalSection
	GlobalSection(ExtensibilityGlobals) = postSolution
		SolutionGuid = {FA80BF53-B045-4E0D-867F-177E9462D272}
	EndGlobalSection
EndGlobal
